
Microsoft Visual Studio Solution File, Format Version 12.00
# Visual Studio Version 17
VisualStudioVersion = 17.10.35004.147
MinimumVisualStudioVersion = 10.0.40219.1
Project("{9A19103F-16F7-4668-BE54-9A1E7A4F7556}") = "MainChapar", "MainChapar\MainChapar.csproj", "{36626163-2BB2-4756-8D4C-C53EC2E5602F}"
EndProject
Global
	GlobalSection(SolutionConfigurationPlatforms) = preSolution
		Debug|Any CPU = Debug|Any CPU
		Release|Any CPU = Release|Any CPU
	EndGlobalSection
	GlobalSection(ProjectConfigurationPlatforms) = postSolution
		{36626163-2BB2-4756-8D4C-C53EC2E5602F}.Debug|Any CPU.ActiveCfg = Debug|Any CPU
		{36626163-2BB2-4756-8D4C-C53EC2E5602F}.Debug|Any CPU.Build.0 = Debug|Any CPU
		{36626163-2BB2-4756-8D4C-C53EC2E5602F}.Release|Any CPU.ActiveCfg = Release|Any CPU
		{36626163-2BB2-4756-8D4C-C53EC2E5602F}.Release|Any CPU.Build.0 = Release|Any CPU
	EndGlobalSection
	GlobalSection(SolutionProperties) = preSolution
		HideSolutionNode = FALSE
	EndGlobalSection
	GlobalSection(ExtensibilityGlobals) = postSolution
		SolutionGuid = {0A3F3F7B-428B-4CD5-81FB-FE73CCA752DB}
	EndGlobalSection
EndGlobal
